{
  "name": "claudux",
  "version": "1.1.1",
  "lockfileVersion": 3,
  "requires": true,
  "packages": {
    "": {
      "name": "claudux",
      "version": "1.1.1",
      "license": "MIT",
      "dependencies": {
        "claudux": "^1.0.2"
      },
      "bin": {
        "claudux": "bin/claudux"
      },
      "engines": {
        "node": ">=18.0.0"
      }
    },
    "node_modules/claudux": {
      "version": "1.0.2",
      "resolved": "https://registry.npmjs.org/claudux/-/claudux-1.0.2.tgz",
      "integrity": "sha512-/FwoNpOgaJFWIpXzPFdKlLVvq0uSSwyiKFhvNqjSgpi1JqQXub9yjW3lrGB4Pb2RX9xvlRw/vORsuF1j8CziEQ==",
      "bin": {
        "claudux": "bin/claudux"
      },
      "engines": {
        "node": ">=18.0.0"
      }
    }
  }
}
